{
    "_meta": {
        "hash": {
            "sha256": "4bf1de522df30c77f3afc12da58dd8cc4c277184e53d03b1b7a28e495ba72be5"
        },
        "pipfile-spec": 6,
        "requires": {
            "python_version": "3.12"
        },
        "sources": [
            {
                "name": "pypi",
                "url": "https://pypi.org/simple",
                "verify_ssl": true
            }
        ]
    },
    "default": {
        "medical-chatbot": {
            "version": "==0.1.0"
        }
    },
    "develop": {}
}
